// !$*UTF8*$!
{
	archiveVersion = 1;
	classes = {
	};
	objectVersion = 56;
	objects = {

/* Begin PBXBuildFile section */
		FE3AD6052A2987F900E5B63D /* MainTableData.json in Resources */ = {isa = PBXBuildFile; fileRef = FE3AD6042A2987F900E5B63D /* MainTableData.json */; };
		FE3AD6072A29893900E5B63D /* PXDataRepository.swift in Sources */ = {isa = PBXBuildFile; fileRef = FE3AD6062A29893900E5B63D /* PXDataRepository.swift */; };
		FE3AD60A2A298B2600E5B63D /* MainViewModel.swift in Sources */ = {isa = PBXBuildFile; fileRef = FE3AD6092A298B2600E5B63D /* MainViewModel.swift */; };
		FE3AD60E2A29C95E00E5B63D /* ResultExtension.swift in Sources */ = {isa = PBXBuildFile; fileRef = FE3AD60D2A29C95E00E5B63D /* ResultExtension.swift */; };
		FE4558E22A2827C2005E32BE /* AppDelegate.swift in Sources */ = {isa = PBXBuildFile; fileRef = FE4558E12A2827C2005E32BE /* AppDelegate.swift */; };
		FE4558E42A2827C2005E32BE /* SceneDelegate.swift in Sources */ = {isa = PBXBuildFile; fileRef = FE4558E32A2827C2005E32BE /* SceneDelegate.swift */; };
		FE4558E62A2827C2005E32BE /* ViewController.swift in Sources */ = {isa = PBXBuildFile; fileRef = FE4558E52A2827C2005E32BE /* ViewController.swift */; };
		FE4558E92A2827C2005E32BE /* Main.storyboard in Resources */ = {isa = PBXBuildFile; fileRef = FE4558E72A2827C2005E32BE /* Main.storyboard */; };
		FE4558EB2A2827C3005E32BE /* Assets.xcassets in Resources */ = {isa = PBXBuildFile; fileRef = FE4558EA2A2827C3005E32BE /* Assets.xcassets */; };
		FE4558EE2A2827C3005E32BE /* LaunchScreen.storyboard in Resources */ = {isa = PBXBuildFile; fileRef = FE4558EC2A2827C3005E32BE /* LaunchScreen.storyboard */; };
		FE4558F72A282E09005E32BE /* UIControlExtension.swift in Sources */ = {isa = PBXBuildFile; fileRef = FE4558F62A282E09005E32BE /* UIControlExtension.swift */; };
		FE4558F92A283188005E32BE /* PXTableView.swift in Sources */ = {isa = PBXBuildFile; fileRef = FE4558F82A283188005E32BE /* PXTableView.swift */; };
		FE4558FB2A283543005E32BE /* PXViewModel.swift in Sources */ = {isa = PBXBuildFile; fileRef = FE4558FA2A283543005E32BE /* PXViewModel.swift */; };
/* End PBXBuildFile section */

/* Begin PBXFileReference section */
		FE3AD6042A2987F900E5B63D /* MainTableData.json */ = {isa = PBXFileReference; lastKnownFileType = text.json; path = MainTableData.json; sourceTree = "<group>"; };
		FE3AD6062A29893900E5B63D /* PXDataRepository.swift */ = {isa = PBXFileReference; lastKnownFileType = sourcecode.swift; path = PXDataRepository.swift; sourceTree = "<group>"; };
		FE3AD6092A298B2600E5B63D /* MainViewModel.swift */ = {isa = PBXFileReference; lastKnownFileType = sourcecode.swift; path = MainViewModel.swift; sourceTree = "<group>"; };
		FE3AD60D2A29C95E00E5B63D /* ResultExtension.swift */ = {isa = PBXFileReference; lastKnownFileType = sourcecode.swift; path = ResultExtension.swift; sourceTree = "<group>"; };
		FE4558DE2A2827C2005E32BE /* PXArchitecture.app */ = {isa = PBXFileReference; explicitFileType = wrapper.application; includeInIndex = 0; path = PXArchitecture.app; sourceTree = BUILT_PRODUCTS_DIR; };
		FE4558E12A2827C2005E32BE /* AppDelegate.swift */ = {isa = PBXFileReference; lastKnownFileType = sourcecode.swift; path = AppDelegate.swift; sourceTree = "<group>"; };
		FE4558E32A2827C2005E32BE /* SceneDelegate.swift */ = {isa = PBXFileReference; lastKnownFileType = sourcecode.swift; path = SceneDelegate.swift; sourceTree = "<group>"; };
		FE4558E52A2827C2005E32BE /* ViewController.swift */ = {isa = PBXFileReference; lastKnownFileType = sourcecode.swift; path = ViewController.swift; sourceTree = "<group>"; };
		FE4558E82A2827C2005E32BE /* Base */ = {isa = PBXFileReference; lastKnownFileType = file.storyboard; name = Base; path = Base.lproj/Main.storyboard; sourceTree = "<group>"; };
		FE4558EA2A2827C3005E32BE /* Assets.xcassets */ = {isa = PBXFileReference; lastKnownFileType = folder.assetcatalog; path = Assets.xcassets; sourceTree = "<group>"; };
		FE4558ED2A2827C3005E32BE /* Base */ = {isa = PBXFileReference; lastKnownFileType = file.storyboard; name = Base; path = Base.lproj/LaunchScreen.storyboard; sourceTree = "<group>"; };
		FE4558EF2A2827C3005E32BE /* Info.plist */ = {isa = PBXFileReference; lastKnownFileType = text.plist.xml; path = Info.plist; sourceTree = "<group>"; };
		FE4558F62A282E09005E32BE /* UIControlExtension.swift */ = {isa = PBXFileReference; fileEncoding = 4; lastKnownFileType = sourcecode.swift; path = UIControlExtension.swift; sourceTree = "<group>"; };
		FE4558F82A283188005E32BE /* PXTableView.swift */ = {isa = PBXFileReference; lastKnownFileType = sourcecode.swift; path = PXTableView.swift; sourceTree = "<group>"; };
		FE4558FA2A283543005E32BE /* PXViewModel.swift */ = {isa = PBXFileReference; lastKnownFileType = sourcecode.swift; path = PXViewModel.swift; sourceTree = "<group>"; };
/* End PBXFileReference section */

/* Begin PBXFrameworksBuildPhase section */
		FE4558DB2A2827C2005E32BE /* Frameworks */ = {
			isa = PBXFrameworksBuildPhase;
			buildActionMask = 2147483647;
			files = (
			);
			runOnlyForDeploymentPostprocessing = 0;
		};
/* End PBXFrameworksBuildPhase section */

/* Begin PBXGroup section */
		FE3AD6032A2987C500E5B63D /* Dummy Data */ = {
			isa = PBXGroup;
			children = (
				FE3AD6042A2987F900E5B63D /* MainTableData.json */,
			);
			path = "Dummy Data";
			sourceTree = "<group>";
		};
		FE3AD6082A298B1300E5B63D /* Main View */ = {
			isa = PBXGroup;
			children = (
				FE4558E52A2827C2005E32BE /* ViewController.swift */,
				FE3AD6092A298B2600E5B63D /* MainViewModel.swift */,
			);
			path = "Main View";
			sourceTree = "<group>";
		};
		FE4558D52A2827C2005E32BE = {
			isa = PBXGroup;
			children = (
				FE4558E02A2827C2005E32BE /* PXArchitecture */,
				FE4558DF2A2827C2005E32BE /* Products */,
			);
			sourceTree = "<group>";
		};
		FE4558DF2A2827C2005E32BE /* Products */ = {
			isa = PBXGroup;
			children = (
				FE4558DE2A2827C2005E32BE /* PXArchitecture.app */,
			);
			name = Products;
			sourceTree = "<group>";
		};
		FE4558E02A2827C2005E32BE /* PXArchitecture */ = {
			isa = PBXGroup;
			children = (
				FE4558F52A282DF4005E32BE /* Architecture Components */,
				FE3AD6082A298B1300E5B63D /* Main View */,
				FE4558E12A2827C2005E32BE /* AppDelegate.swift */,
				FE4558E32A2827C2005E32BE /* SceneDelegate.swift */,
				FE3AD6032A2987C500E5B63D /* Dummy Data */,
				FE4558E72A2827C2005E32BE /* Main.storyboard */,
				FE4558EA2A2827C3005E32BE /* Assets.xcassets */,
				FE4558EC2A2827C3005E32BE /* LaunchScreen.storyboard */,
				FE4558EF2A2827C3005E32BE /* Info.plist */,
			);
			path = PXArchitecture;
			sourceTree = "<group>";
		};
		FE4558F52A282DF4005E32BE /* Architecture Components */ = {
			isa = PBXGroup;
			children = (
				FE4558F62A282E09005E32BE /* UIControlExtension.swift */,
				FE4558FA2A283543005E32BE /* PXViewModel.swift */,
				FE3AD6062A29893900E5B63D /* PXDataRepository.swift */,
				FE3AD60D2A29C95E00E5B63D /* ResultExtension.swift */,
				FE4558F82A283188005E32BE /* PXTableView.swift */,
			);
			path = "Architecture Components";
			sourceTree = "<group>";
		};
/* End PBXGroup section */

/* Begin PBXNativeTarget section */
		FE4558DD2A2827C2005E32BE /* PXArchitecture */ = {
			isa = PBXNativeTarget;
			buildConfigurationList = FE4558F22A2827C3005E32BE /* Build configuration list for PBXNativeTarget "PXArchitecture" */;
			buildPhases = (
				FE4558DA2A2827C2005E32BE /* Sources */,
				FE4558DB2A2827C2005E32BE /* Frameworks */,
				FE4558DC2A2827C2005E32BE /* Resources */,
			);
			buildRules = (
			);
			dependencies = (
			);
			name = PXArchitecture;
			productName = PXArchitecture;
			productReference = FE4558DE2A2827C2005E32BE /* PXArchitecture.app */;
			productType = "com.apple.product-type.application";
		};
/* End PBXNativeTarget section */

/* Begin PBXProject section */
		FE4558D62A2827C2005E32BE /* Project object */ = {
			isa = PBXProject;
			attributes = {
				BuildIndependentTargetsInParallel = 1;
				LastSwiftUpdateCheck = 1420;
				LastUpgradeCheck = 1420;
				TargetAttributes = {
					FE4558DD2A2827C2005E32BE = {
						CreatedOnToolsVersion = 14.2;
					};
				};
			};
			buildConfigurationList = FE4558D92A2827C2005E32BE /* Build configuration list for PBXProject "PXArchitecture" */;
			compatibilityVersion = "Xcode 14.0";
			developmentRegion = en;
			hasScannedForEncodings = 0;
			knownRegions = (
				en,
				Base,
			);
			mainGroup = FE4558D52A2827C2005E32BE;
			productRefGroup = FE4558DF2A2827C2005E32BE /* Products */;
			projectDirPath = "";
			projectRoot = "";
			targets = (
				FE4558DD2A2827C2005E32BE /* PXArchitecture */,
			);
		};
/* End PBXProject section */

/* Begin PBXResourcesBuildPhase section */
		FE4558DC2A2827C2005E32BE /* Resources */ = {
			isa = PBXResourcesBuildPhase;
			buildActionMask = 2147483647;
			files = (
				FE4558EE2A2827C3005E32BE /* LaunchScreen.storyboard in Resources */,
				FE4558EB2A2827C3005E32BE /* Assets.xcassets in Resources */,
				FE3AD6052A2987F900E5B63D /* MainTableData.json in Resources */,
				FE4558E92A2827C2005E32BE /* Main.storyboard in Resources */,
			);
			runOnlyForDeploymentPostprocessing = 0;
		};
/* End PBXResourcesBuildPhase section */

/* Begin PBXSourcesBuildPhase section */
		FE4558DA2A2827C2005E32BE /* Sources */ = {
			isa = PBXSourcesBuildPhase;
			buildActionMask = 2147483647;
			files = (
				FE4558E62A2827C2005E32BE /* ViewController.swift in Sources */,
				FE4558E22A2827C2005E32BE /* AppDelegate.swift in Sources */,
				FE3AD6072A29893900E5B63D /* PXDataRepository.swift in Sources */,
				FE4558F92A283188005E32BE /* PXTableView.swift in Sources */,
				FE4558E42A2827C2005E32BE /* SceneDelegate.swift in Sources */,
				FE4558FB2A283543005E32BE /* PXViewModel.swift in Sources */,
				FE3AD60E2A29C95E00E5B63D /* ResultExtension.swift in Sources */,
				FE4558F72A282E09005E32BE /* UIControlExtension.swift in Sources */,
				FE3AD60A2A298B2600E5B63D /* MainViewModel.swift in Sources */,
			);
			runOnlyForDeploymentPostprocessing = 0;
		};
/* End PBXSourcesBuildPhase section */

/* Begin PBXVariantGroup section */
		FE4558E72A2827C2005E32BE /* Main.storyboard */ = {
			isa = PBXVariantGroup;
			children = (
				FE4558E82A2827C2005E32BE /* Base */,
			);
			name = Main.storyboard;
			sourceTree = "<group>";
		};
		FE4558EC2A2827C3005E32BE /* LaunchScreen.storyboard */ = {
			isa = PBXVariantGroup;
			children = (
				FE4558ED2A2827C3005E32BE /* Base */,
			);
			name = LaunchScreen.storyboard;
			sourceTree = "<group>";
		};
/* End PBXVariantGroup section */

/* Begin XCBuildConfiguration section */
		FE4558F02A2827C3005E32BE /* Debug */ = {
			isa = XCBuildConfiguration;
			buildSettings = {
				ALWAYS_SEARCH_USER_PATHS = NO;
				CLANG_ANALYZER_NONNULL = YES;
				CLANG_ANALYZER_NUMBER_OBJECT_CONVERSION = YES_AGGRESSIVE;
				CLANG_CXX_LANGUAGE_STANDARD = "gnu++20";
				CLANG_ENABLE_MODULES = YES;
				CLANG_ENABLE_OBJC_ARC = YES;
				CLANG_ENABLE_OBJC_WEAK = YES;
				CLANG_WARN_BLOCK_CAPTURE_AUTORELEASING = YES;
				CLANG_WARN_BOOL_CONVERSION = YES;
				CLANG_WARN_COMMA = YES;
				CLANG_WARN_CONSTANT_CONVERSION = YES;
				CLANG_WARN_DEPRECATED_OBJC_IMPLEMENTATIONS = YES;
				CLANG_WARN_DIRECT_OBJC_ISA_USAGE = YES_ERROR;
				CLANG_WARN_DOCUMENTATION_COMMENTS = YES;
				CLANG_WARN_EMPTY_BODY = YES;
				CLANG_WARN_ENUM_CONVERSION = YES;
				CLANG_WARN_INFINITE_RECURSION = YES;
				CLANG_WARN_INT_CONVERSION = YES;
				CLANG_WARN_NON_LITERAL_NULL_CONVERSION = YES;
				CLANG_WARN_OBJC_IMPLICIT_RETAIN_SELF = YES;
				CLANG_WARN_OBJC_LITERAL_CONVERSION = YES;
				CLANG_WARN_OBJC_ROOT_CLASS = YES_ERROR;
				CLANG_WARN_QUOTED_INCLUDE_IN_FRAMEWORK_HEADER = YES;
				CLANG_WARN_RANGE_LOOP_ANALYSIS = YES;
				CLANG_WARN_STRICT_PROTOTYPES = YES;
				CLANG_WARN_SUSPICIOUS_MOVE = YES;
				CLANG_WARN_UNGUARDED_AVAILABILITY = YES_AGGRESSIVE;
				CLANG_WARN_UNREACHABLE_CODE = YES;
				CLANG_WARN__DUPLICATE_METHOD_MATCH = YES;
				COPY_PHASE_STRIP = NO;
				DEBUG_INFORMATION_FORMAT = dwarf;
				ENABLE_STRICT_OBJC_MSGSEND = YES;
				ENABLE_TESTABILITY = YES;
				GCC_C_LANGUAGE_STANDARD = gnu11;
				GCC_DYNAMIC_NO_PIC = NO;
				GCC_NO_COMMON_BLOCKS = YES;
				GCC_OPTIMIZATION_LEVEL = 0;
				GCC_PREPROCESSOR_DEFINITIONS = (
					"DEBUG=1",
					"$(inherited)",
				);
				GCC_WARN_64_TO_32_BIT_CONVERSION = YES;
				GCC_WARN_ABOUT_RETURN_TYPE = YES_ERROR;
				GCC_WARN_UNDECLARED_SELECTOR = YES;
				GCC_WARN_UNINITIALIZED_AUTOS = YES_AGGRESSIVE;
				GCC_WARN_UNUSED_FUNCTION = YES;
				GCC_WARN_UNUSED_VARIABLE = YES;
				IPHONEOS_DEPLOYMENT_TARGET = 16.2;
				MTL_ENABLE_DEBUG_INFO = INCLUDE_SOURCE;
				MTL_FAST_MATH = YES;
				ONLY_ACTIVE_ARCH = YES;
				SDKROOT = iphoneos;
				SWIFT_ACTIVE_COMPILATION_CONDITIONS = DEBUG;
				SWIFT_OPTIMIZATION_LEVEL = "-Onone";
			};
			name = Debug;
		};
		FE4558F12A2827C3005E32BE /* Release */ = {
			isa = XCBuildConfiguration;
			buildSettings = {
				ALWAYS_SEARCH_USER_PATHS = NO;
				CLANG_ANALYZER_NONNULL = YES;
				CLANG_ANALYZER_NUMBER_OBJECT_CONVERSION = YES_AGGRESSIVE;
				CLANG_CXX_LANGUAGE_STANDARD = "gnu++20";
				CLANG_ENABLE_MODULES = YES;
				CLANG_ENABLE_OBJC_ARC = YES;
				CLANG_ENABLE_OBJC_WEAK = YES;
				CLANG_WARN_BLOCK_CAPTURE_AUTORELEASING = YES;
				CLANG_WARN_BOOL_CONVERSION = YES;
				CLANG_WARN_COMMA = YES;
				CLANG_WARN_CONSTANT_CONVERSION = YES;
				CLANG_WARN_DEPRECATED_OBJC_IMPLEMENTATIONS = YES;
				CLANG_WARN_DIRECT_OBJC_ISA_USAGE = YES_ERROR;
				CLANG_WARN_DOCUMENTATION_COMMENTS = YES;
				CLANG_WARN_EMPTY_BODY = YES;
				CLANG_WARN_ENUM_CONVERSION = YES;
				CLANG_WARN_INFINITE_RECURSION = YES;
				CLANG_WARN_INT_CONVERSION = YES;
				CLANG_WARN_NON_LITERAL_NULL_CONVERSION = YES;
				CLANG_WARN_OBJC_IMPLICIT_RETAIN_SELF = YES;
				CLANG_WARN_OBJC_LITERAL_CONVERSION = YES;
				CLANG_WARN_OBJC_ROOT_CLASS = YES_ERROR;
				CLANG_WARN_QUOTED_INCLUDE_IN_FRAMEWORK_HEADER = YES;
				CLANG_WARN_RANGE_LOOP_ANALYSIS = YES;
				CLANG_WARN_STRICT_PROTOTYPES = YES;
				CLANG_WARN_SUSPICIOUS_MOVE = YES;
				CLANG_WARN_UNGUARDED_AVAILABILITY = YES_AGGRESSIVE;
				CLANG_WARN_UNREACHABLE_CODE = YES;
				CLANG_WARN__DUPLICATE_METHOD_MATCH = YES;
				COPY_PHASE_STRIP = NO;
				DEBUG_INFORMATION_FORMAT = "dwarf-with-dsym";
				ENABLE_NS_ASSERTIONS = NO;
				ENABLE_STRICT_OBJC_MSGSEND = YES;
				GCC_C_LANGUAGE_STANDARD = gnu11;
				GCC_NO_COMMON_BLOCKS = YES;
				GCC_WARN_64_TO_32_BIT_CONVERSION = YES;
				GCC_WARN_ABOUT_RETURN_TYPE = YES_ERROR;
				GCC_WARN_UNDECLARED_SELECTOR = YES;
				GCC_WARN_UNINITIALIZED_AUTOS = YES_AGGRESSIVE;
				GCC_WARN_UNUSED_FUNCTION = YES;
				GCC_WARN_UNUSED_VARIABLE = YES;
				IPHONEOS_DEPLOYMENT_TARGET = 16.2;
				MTL_ENABLE_DEBUG_INFO = NO;
				MTL_FAST_MATH = YES;
				SDKROOT = iphoneos;
				SWIFT_COMPILATION_MODE = wholemodule;
				SWIFT_OPTIMIZATION_LEVEL = "-O";
				VALIDATE_PRODUCT = YES;
			};
			name = Release;
		};
		FE4558F32A2827C3005E32BE /* Debug */ = {
			isa = XCBuildConfiguration;
			buildSettings = {
				ASSETCATALOG_COMPILER_APPICON_NAME = AppIcon;
				ASSETCATALOG_COMPILER_GLOBAL_ACCENT_COLOR_NAME = AccentColor;
				CODE_SIGN_STYLE = Automatic;
				CURRENT_PROJECT_VERSION = 1;
				GENERATE_INFOPLIST_FILE = YES;
				INFOPLIST_FILE = PXArchitecture/Info.plist;
				INFOPLIST_KEY_UIApplicationSupportsIndirectInputEvents = YES;
				INFOPLIST_KEY_UILaunchStoryboardName = LaunchScreen;
				INFOPLIST_KEY_UIMainStoryboardFile = Main;
				INFOPLIST_KEY_UISupportedInterfaceOrientations_iPad = "UIInterfaceOrientationPortrait UIInterfaceOrientationPortraitUpsideDown UIInterfaceOrientationLandscapeLeft UIInterfaceOrientationLandscapeRight";
				INFOPLIST_KEY_UISupportedInterfaceOrientations_iPhone = "UIInterfaceOrientationPortrait UIInterfaceOrientationLandscapeLeft UIInterfaceOrientationLandscapeRight";
				IPHONEOS_DEPLOYMENT_TARGET = 14.0;
				LD_RUNPATH_SEARCH_PATHS = (
					"$(inherited)",
					"@executable_path/Frameworks",
				);
				MARKETING_VERSION = 1.0;
				PRODUCT_BUNDLE_IDENTIFIER = com.px.architecture.PXArchitecture;
				PRODUCT_NAME = "$(TARGET_NAME)";
				SWIFT_EMIT_LOC_STRINGS = YES;
				SWIFT_VERSION = 5.0;
				TARGETED_DEVICE_FAMILY = "1,2";
			};
			name = Debug;
		};
		FE4558F42A2827C3005E32BE /* Release */ = {
			isa = XCBuildConfiguration;
			buildSettings = {
				ASSETCATALOG_COMPILER_APPICON_NAME = AppIcon;
				ASSETCATALOG_COMPILER_GLOBAL_ACCENT_COLOR_NAME = AccentColor;
				CODE_SIGN_STYLE = Automatic;
				CURRENT_PROJECT_VERSION = 1;
				GENERATE_INFOPLIST_FILE = YES;
				INFOPLIST_FILE = PXArchitecture/Info.plist;
				INFOPLIST_KEY_UIApplicationSupportsIndirectInputEvents = YES;
				INFOPLIST_KEY_UILaunchStoryboardName = LaunchScreen;
				INFOPLIST_KEY_UIMainStoryboardFile = Main;
				INFOPLIST_KEY_UISupportedInterfaceOrientations_iPad = "UIInterfaceOrientationPortrait UIInterfaceOrientationPortraitUpsideDown UIInterfaceOrientationLandscapeLeft UIInterfaceOrientationLandscapeRight";
				INFOPLIST_KEY_UISupportedInterfaceOrientations_iPhone = "UIInterfaceOrientationPortrait UIInterfaceOrientationLandscapeLeft UIInterfaceOrientationLandscapeRight";
				IPHONEOS_DEPLOYMENT_TARGET = 14.0;
				LD_RUNPATH_SEARCH_PATHS = (
					"$(inherited)",
					"@executable_path/Frameworks",
				);
				MARKETING_VERSION = 1.0;
				PRODUCT_BUNDLE_IDENTIFIER = com.px.architecture.PXArchitecture;
				PRODUCT_NAME = "$(TARGET_NAME)";
				SWIFT_EMIT_LOC_STRINGS = YES;
				SWIFT_VERSION = 5.0;
				TARGETED_DEVICE_FAMILY = "1,2";
			};
			name = Release;
		};
/* End XCBuildConfiguration section */

/* Begin XCConfigurationList section */
		FE4558D92A2827C2005E32BE /* Build configuration list for PBXProject "PXArchitecture" */ = {
			isa = XCConfigurationList;
			buildConfigurations = (
				FE4558F02A2827C3005E32BE /* Debug */,
				FE4558F12A2827C3005E32BE /* Release */,
			);
			defaultConfigurationIsVisible = 0;
			defaultConfigurationName = Release;
		};
		FE4558F22A2827C3005E32BE /* Build configuration list for PBXNativeTarget "PXArchitecture" */ = {
			isa = XCConfigurationList;
			buildConfigurations = (
				FE4558F32A2827C3005E32BE /* Debug */,
				FE4558F42A2827C3005E32BE /* Release */,
			);
			defaultConfigurationIsVisible = 0;
			defaultConfigurationName = Release;
		};
/* End XCConfigurationList section */
	};
	rootObject = FE4558D62A2827C2005E32BE /* Project object */;
}
